{
  "name": "@amcasey/perf-consistency",
  "version": "0.0.1",
  "lockfileVersion": 2,
  "requires": true,
  "packages": {
    "": {
      "name": "@amcasey/perf-consistency",
      "version": "0.0.1",
      "license": "MIT",
      "dependencies": {
        "simple-statistics": "^7.7.5",
        "typescript": "^4.7.0-dev.20220408"
      },
      "devDependencies": {
        "@types/node": "^17.0.24"
      }
    },
    "node_modules/@types/node": {
      "version": "17.0.24",
      "resolved": "https://registry.npmjs.org/@types/node/-/node-17.0.24.tgz",
      "integrity": "sha512-aveCYRQbgTH9Pssp1voEP7HiuWlD2jW2BO56w+bVrJn04i61yh6mRfoKO6hEYQD9vF+W8Chkwc6j1M36uPkx4g==",
      "dev": true
    },
    "node_modules/simple-statistics": {
      "version": "7.7.5",
      "resolved": "https://registry.npmjs.org/simple-statistics/-/simple-statistics-7.7.5.tgz",
      "integrity": "sha512-CYq683Yg2mb7M4mklQ6FtxEdsYeziGa2giaLvqXobfK1qVqZDKd7BIqLnngnKQSw9GsfNinbiScbfjc3IRWdQA==",
      "engines": {
        "node": "*"
      }
    },
    "node_modules/typescript": {
      "version": "4.7.0-dev.20220408",
      "resolved": "https://registry.npmjs.org/typescript/-/typescript-4.7.0-dev.20220408.tgz",
      "integrity": "sha512-2KgXRQXrjFEbm+ismaGoR803nTRQuc03XQ1crnlxXvQYIXasPiidwiczLc9i0rTo33KXIN2M6YiNtn1tZihHgw==",
      "bin": {
        "tsc": "bin/tsc",
        "tsserver": "bin/tsserver"
      },
      "engines": {
        "node": ">=4.2.0"
      }
    }
  },
  "dependencies": {
    "@types/node": {
      "version": "17.0.24",
      "resolved": "https://registry.npmjs.org/@types/node/-/node-17.0.24.tgz",
      "integrity": "sha512-aveCYRQbgTH9Pssp1voEP7HiuWlD2jW2BO56w+bVrJn04i61yh6mRfoKO6hEYQD9vF+W8Chkwc6j1M36uPkx4g==",
      "dev": true
    },
    "simple-statistics": {
      "version": "7.7.5",
      "resolved": "https://registry.npmjs.org/simple-statistics/-/simple-statistics-7.7.5.tgz",
      "integrity": "sha512-CYq683Yg2mb7M4mklQ6FtxEdsYeziGa2giaLvqXobfK1qVqZDKd7BIqLnngnKQSw9GsfNinbiScbfjc3IRWdQA=="
    },
    "typescript": {
      "version": "4.7.0-dev.20220408",
      "resolved": "https://registry.npmjs.org/typescript/-/typescript-4.7.0-dev.20220408.tgz",
      "integrity": "sha512-2KgXRQXrjFEbm+ismaGoR803nTRQuc03XQ1crnlxXvQYIXasPiidwiczLc9i0rTo33KXIN2M6YiNtn1tZihHgw=="
    }
  }
}
